
Microsoft Visual Studio Solution File, Format Version 12.00
# Visual Studio Version 17
VisualStudioVersion = 17.11.35222.181
MinimumVisualStudioVersion = 10.0.40219.1
Project("{8BC9CEB8-8B4A-11D0-8D11-00A0C91BC942}") = "KsIS_1", "KsIS_1\KsIS_1.vcxproj", "{A11EE561-65CD-449E-A493-4779204F6992}"
EndProject
Global
	GlobalSection(SolutionConfigurationPlatforms) = preSolution
		Debug|x64 = Debug|x64
		Debug|x86 = Debug|x86
		Release|x64 = Release|x64
		Release|x86 = Release|x86
	EndGlobalSection
	GlobalSection(ProjectConfigurationPlatforms) = postSolution
		{A11EE561-65CD-449E-A493-4779204F6992}.Debug|x64.ActiveCfg = Debug|x64
		{A11EE561-65CD-449E-A493-4779204F6992}.Debug|x64.Build.0 = Debug|x64
		{A11EE561-65CD-449E-A493-4779204F6992}.Debug|x86.ActiveCfg = Debug|Win32
		{A11EE561-65CD-449E-A493-4779204F6992}.Debug|x86.Build.0 = Debug|Win32
		{A11EE561-65CD-449E-A493-4779204F6992}.Release|x64.ActiveCfg = Release|x64
		{A11EE561-65CD-449E-A493-4779204F6992}.Release|x64.Build.0 = Release|x64
		{A11EE561-65CD-449E-A493-4779204F6992}.Release|x86.ActiveCfg = Release|Win32
		{A11EE561-65CD-449E-A493-4779204F6992}.Release|x86.Build.0 = Release|Win32
	EndGlobalSection
	GlobalSection(SolutionProperties) = preSolution
		HideSolutionNode = FALSE
	EndGlobalSection
	GlobalSection(ExtensibilityGlobals) = postSolution
		SolutionGuid = {9BCFC37D-A761-4AE7-BD17-B739276F9A65}
	EndGlobalSection
EndGlobal
