
Microsoft Visual Studio Solution File, Format Version 12.00
# Visual Studio Version 17
VisualStudioVersion = 17.11.35222.181
MinimumVisualStudioVersion = 10.0.40219.1
Project("{FAE04EC0-301F-11D3-BF4B-00C04F79EFBC}") = "l4u", "l4u.csproj", "{4D76C295-C036-4E3B-9A37-E49BF34E6823}"
EndProject
Global
	GlobalSection(SolutionConfigurationPlatforms) = preSolution
		Debug|Any CPU = Debug|Any CPU
		Release|Any CPU = Release|Any CPU
	EndGlobalSection
	GlobalSection(ProjectConfigurationPlatforms) = postSolution
		{4D76C295-C036-4E3B-9A37-E49BF34E6823}.Debug|Any CPU.ActiveCfg = Debug|Any CPU
		{4D76C295-C036-4E3B-9A37-E49BF34E6823}.Debug|Any CPU.Build.0 = Debug|Any CPU
		{4D76C295-C036-4E3B-9A37-E49BF34E6823}.Release|Any CPU.ActiveCfg = Release|Any CPU
		{4D76C295-C036-4E3B-9A37-E49BF34E6823}.Release|Any CPU.Build.0 = Release|Any CPU
	EndGlobalSection
	GlobalSection(SolutionProperties) = preSolution
		HideSolutionNode = FALSE
	EndGlobalSection
	GlobalSection(ExtensibilityGlobals) = postSolution
		SolutionGuid = {EF2173E2-EF8D-43D7-A3C4-F08A8ABB5A9B}
	EndGlobalSection
EndGlobal
