
Microsoft Visual Studio Solution File, Format Version 12.00
# Visual Studio Version 17
VisualStudioVersion = 17.11.35222.181
MinimumVisualStudioVersion = 10.0.40219.1
Project("{FAE04EC0-301F-11D3-BF4B-00C04F79EFBC}") = "friday 13", "friday 13.csproj", "{27C92C64-C3F9-439B-A68E-3F3EB7858B8C}"
EndProject
Global
	GlobalSection(SolutionConfigurationPlatforms) = preSolution
		Debug|Any CPU = Debug|Any CPU
		Release|Any CPU = Release|Any CPU
	EndGlobalSection
	GlobalSection(ProjectConfigurationPlatforms) = postSolution
		{27C92C64-C3F9-439B-A68E-3F3EB7858B8C}.Debug|Any CPU.ActiveCfg = Debug|Any CPU
		{27C92C64-C3F9-439B-A68E-3F3EB7858B8C}.Debug|Any CPU.Build.0 = Debug|Any CPU
		{27C92C64-C3F9-439B-A68E-3F3EB7858B8C}.Release|Any CPU.ActiveCfg = Release|Any CPU
		{27C92C64-C3F9-439B-A68E-3F3EB7858B8C}.Release|Any CPU.Build.0 = Release|Any CPU
	EndGlobalSection
	GlobalSection(SolutionProperties) = preSolution
		HideSolutionNode = FALSE
	EndGlobalSection
	GlobalSection(ExtensibilityGlobals) = postSolution
		SolutionGuid = {A28B6AEA-5A6B-40D5-BCDD-EE231376B92E}
	EndGlobalSection
EndGlobal
